
Microsoft Visual Studio Solution File, Format Version 12.00
# Visual Studio Version 16
VisualStudioVersion = 16.0.31829.152
MinimumVisualStudioVersion = 10.0.40219.1
Project("{FAE04EC0-301F-11D3-BF4B-00C04F79EFBC}") = "EmailSenderAPIS", "EmailSenderAPIS\EmailSenderAPIS.csproj", "{1ED86A80-0903-468C-BA99-67A23A710E98}"
EndProject
Global
	GlobalSection(SolutionConfigurationPlatforms) = preSolution
		Debug|Any CPU = Debug|Any CPU
		Release|Any CPU = Release|Any CPU
	EndGlobalSection
	GlobalSection(ProjectConfigurationPlatforms) = postSolution
		{1ED86A80-0903-468C-BA99-67A23A710E98}.Debug|Any CPU.ActiveCfg = Debug|Any CPU
		{1ED86A80-0903-468C-BA99-67A23A710E98}.Debug|Any CPU.Build.0 = Debug|Any CPU
		{1ED86A80-0903-468C-BA99-67A23A710E98}.Release|Any CPU.ActiveCfg = Release|Any CPU
		{1ED86A80-0903-468C-BA99-67A23A710E98}.Release|Any CPU.Build.0 = Release|Any CPU
	EndGlobalSection
	GlobalSection(SolutionProperties) = preSolution
		HideSolutionNode = FALSE
	EndGlobalSection
	GlobalSection(ExtensibilityGlobals) = postSolution
		SolutionGuid = {01F85ADA-AEE4-48A4-A9F1-C52FB1EE6A8D}
	EndGlobalSection
EndGlobal
